
Microsoft Visual Studio Solution File, Format Version 12.00
# Visual Studio Version 17
VisualStudioVersion = 17.2.32616.157
MinimumVisualStudioVersion = 10.0.40219.1
Project("{F184B08F-C81C-45F6-A57F-5ABD9991F28F}") = "Plain Craft Launcher 2", "Plain Craft Launcher 2\Plain Craft Launcher 2.vbproj", "{4499F2D2-18EF-4238-B1F0-7BD547AFF925}"
EndProject
Project("{FAE04EC0-301F-11D3-BF4B-00C04F79EFBC}") = "PCLCS", "PCLCS\PCLCS.csproj", "{32DE4AAF-F4D6-42C5-9604-19236DE96C69}"
EndProject
Project("{FAE04EC0-301F-11D3-BF4B-00C04F79EFBC}") = "MeloongCore", "MeloongCore\Shared\MeloongCore.csproj", "{D22BBF3C-2177-0208-4E29-8466AA41AC6F}"
EndProject
Project("{FAE04EC0-301F-11D3-BF4B-00C04F79EFBC}") = "MeloongCore.Wpf", "MeloongCore\Wpf\MeloongCore.Wpf.csproj", "{2DFFE2A0-1101-816B-D240-F644B2D74A68}"
EndProject
Global
	GlobalSection(SolutionConfigurationPlatforms) = preSolution
		Debug|Any CPU = Debug|Any CPU
		Release|Any CPU = Release|Any CPU
		Snapshot|Any CPU = Snapshot|Any CPU
	EndGlobalSection
	GlobalSection(ProjectConfigurationPlatforms) = postSolution
		{4499F2D2-18EF-4238-B1F0-7BD547AFF925}.Debug|Any CPU.ActiveCfg = Debug|Any CPU
		{4499F2D2-18EF-4238-B1F0-7BD547AFF925}.Debug|Any CPU.Build.0 = Debug|Any CPU
		{4499F2D2-18EF-4238-B1F0-7BD547AFF925}.Release|Any CPU.ActiveCfg = Release|Any CPU
		{4499F2D2-18EF-4238-B1F0-7BD547AFF925}.Release|Any CPU.Build.0 = Release|Any CPU
		{4499F2D2-18EF-4238-B1F0-7BD547AFF925}.Snapshot|Any CPU.ActiveCfg = Snapshot|Any CPU
		{4499F2D2-18EF-4238-B1F0-7BD547AFF925}.Snapshot|Any CPU.Build.0 = Snapshot|Any CPU
		{32DE4AAF-F4D6-42C5-9604-19236DE96C69}.Debug|Any CPU.ActiveCfg = Debug|Any CPU
		{32DE4AAF-F4D6-42C5-9604-19236DE96C69}.Debug|Any CPU.Build.0 = Debug|Any CPU
		{32DE4AAF-F4D6-42C5-9604-19236DE96C69}.Release|Any CPU.ActiveCfg = Release|Any CPU
		{32DE4AAF-F4D6-42C5-9604-19236DE96C69}.Release|Any CPU.Build.0 = Release|Any CPU
		{32DE4AAF-F4D6-42C5-9604-19236DE96C69}.Snapshot|Any CPU.ActiveCfg = Snapshot|Any CPU
		{32DE4AAF-F4D6-42C5-9604-19236DE96C69}.Snapshot|Any CPU.Build.0 = Snapshot|Any CPU
		{AFB035DA-CB49-49CE-B96F-581BF8368CCF}.Debug|Any CPU.ActiveCfg = Debug|Any CPU
		{AFB035DA-CB49-49CE-B96F-581BF8368CCF}.Debug|Any CPU.Build.0 = Debug|Any CPU
		{AFB035DA-CB49-49CE-B96F-581BF8368CCF}.Release|Any CPU.ActiveCfg = Debug|Any CPU
		{AFB035DA-CB49-49CE-B96F-581BF8368CCF}.Release|Any CPU.Build.0 = Debug|Any CPU
		{AFB035DA-CB49-49CE-B96F-581BF8368CCF}.Snapshot|Any CPU.ActiveCfg = Debug|Any CPU
		{AFB035DA-CB49-49CE-B96F-581BF8368CCF}.Snapshot|Any CPU.Build.0 = Debug|Any CPU
		{D22BBF3C-2177-0208-4E29-8466AA41AC6F}.Debug|Any CPU.ActiveCfg = Debug|Any CPU
		{D22BBF3C-2177-0208-4E29-8466AA41AC6F}.Debug|Any CPU.Build.0 = Debug|Any CPU
		{D22BBF3C-2177-0208-4E29-8466AA41AC6F}.Release|Any CPU.ActiveCfg = Release|Any CPU
		{D22BBF3C-2177-0208-4E29-8466AA41AC6F}.Release|Any CPU.Build.0 = Release|Any CPU
		{D22BBF3C-2177-0208-4E29-8466AA41AC6F}.Snapshot|Any CPU.ActiveCfg = Snapshot|Any CPU
		{D22BBF3C-2177-0208-4E29-8466AA41AC6F}.Snapshot|Any CPU.Build.0 = Snapshot|Any CPU
		{2DFFE2A0-1101-816B-D240-F644B2D74A68}.Debug|Any CPU.ActiveCfg = Debug|Any CPU
		{2DFFE2A0-1101-816B-D240-F644B2D74A68}.Debug|Any CPU.Build.0 = Debug|Any CPU
		{2DFFE2A0-1101-816B-D240-F644B2D74A68}.Release|Any CPU.ActiveCfg = Release|Any CPU
		{2DFFE2A0-1101-816B-D240-F644B2D74A68}.Release|Any CPU.Build.0 = Release|Any CPU
		{2DFFE2A0-1101-816B-D240-F644B2D74A68}.Snapshot|Any CPU.ActiveCfg = Snapshot|Any CPU
		{2DFFE2A0-1101-816B-D240-F644B2D74A68}.Snapshot|Any CPU.Build.0 = Snapshot|Any CPU
	EndGlobalSection
	GlobalSection(SolutionProperties) = preSolution
		HideSolutionNode = FALSE
	EndGlobalSection
	GlobalSection(ExtensibilityGlobals) = postSolution
		SolutionGuid = {838A572E-025C-4A2B-B682-68732EC0FE76}
	EndGlobalSection
	GlobalSection(Performance) = preSolution
		HasPerformanceSessions = true
	EndGlobalSection
	GlobalSection(Performance) = preSolution
		HasPerformanceSessions = true
	EndGlobalSection
EndGlobal
